
Microsoft Visual Studio Solution File, Format Version 12.00
# Visual Studio Version 17
VisualStudioVersion = 17.4.33122.133
MinimumVisualStudioVersion = 10.0.40219.1
Project("{9A19103F-16F7-4668-BE54-9A1E7A4F7556}") = "CourseWork2", "CourseWork2\CourseWork2.csproj", "{86985C1F-CDD6-4E43-8CEB-686767F506A6}"
EndProject
Project("{FAE04EC0-301F-11D3-BF4B-00C04F79EFBC}") = "Tests", "Tests\Tests.csproj", "{74FB3A7E-5B92-460B-ADA7-67A3608D5F0E}"
EndProject
Project("{FAE04EC0-301F-11D3-BF4B-00C04F79EFBC}") = "Database", "Database\Database.csproj", "{2B264C9A-BE3A-446F-BCF7-A3B9BEADA1C1}"
EndProject
Global
	GlobalSection(SolutionConfigurationPlatforms) = preSolution
		Debug|Any CPU = Debug|Any CPU
		Release|Any CPU = Release|Any CPU
	EndGlobalSection
	GlobalSection(ProjectConfigurationPlatforms) = postSolution
		{86985C1F-CDD6-4E43-8CEB-686767F506A6}.Debug|Any CPU.ActiveCfg = Debug|Any CPU
		{86985C1F-CDD6-4E43-8CEB-686767F506A6}.Debug|Any CPU.Build.0 = Debug|Any CPU
		{86985C1F-CDD6-4E43-8CEB-686767F506A6}.Release|Any CPU.ActiveCfg = Release|Any CPU
		{86985C1F-CDD6-4E43-8CEB-686767F506A6}.Release|Any CPU.Build.0 = Release|Any CPU
		{74FB3A7E-5B92-460B-ADA7-67A3608D5F0E}.Debug|Any CPU.ActiveCfg = Debug|Any CPU
		{74FB3A7E-5B92-460B-ADA7-67A3608D5F0E}.Debug|Any CPU.Build.0 = Debug|Any CPU
		{74FB3A7E-5B92-460B-ADA7-67A3608D5F0E}.Release|Any CPU.ActiveCfg = Release|Any CPU
		{74FB3A7E-5B92-460B-ADA7-67A3608D5F0E}.Release|Any CPU.Build.0 = Release|Any CPU
		{2B264C9A-BE3A-446F-BCF7-A3B9BEADA1C1}.Debug|Any CPU.ActiveCfg = Debug|Any CPU
		{2B264C9A-BE3A-446F-BCF7-A3B9BEADA1C1}.Debug|Any CPU.Build.0 = Debug|Any CPU
		{2B264C9A-BE3A-446F-BCF7-A3B9BEADA1C1}.Release|Any CPU.ActiveCfg = Release|Any CPU
		{2B264C9A-BE3A-446F-BCF7-A3B9BEADA1C1}.Release|Any CPU.Build.0 = Release|Any CPU
	EndGlobalSection
	GlobalSection(SolutionProperties) = preSolution
		HideSolutionNode = FALSE
	EndGlobalSection
	GlobalSection(ExtensibilityGlobals) = postSolution
		SolutionGuid = {D6F28E48-6043-4A9B-B4F8-C48DAC26AEB8}
	EndGlobalSection
EndGlobal
